
Microsoft Visual Studio Solution File, Format Version 12.00
# Visual Studio Version 17
VisualStudioVersion = 17.14.36518.9 d17.14
MinimumVisualStudioVersion = 10.0.40219.1
Project("{FAE04EC0-301F-11D3-BF4B-00C04F79EFBC}") = "Restaurant System", "Restaurant System.csproj", "{047BFE58-AA0B-42DE-93F3-CFB5B0768C65}"
EndProject
Global
	GlobalSection(SolutionConfigurationPlatforms) = preSolution
		Debug|Any CPU = Debug|Any CPU
		Release|Any CPU = Release|Any CPU
	EndGlobalSection
	GlobalSection(ProjectConfigurationPlatforms) = postSolution
		{047BFE58-AA0B-42DE-93F3-CFB5B0768C65}.Debug|Any CPU.ActiveCfg = Debug|Any CPU
		{047BFE58-AA0B-42DE-93F3-CFB5B0768C65}.Debug|Any CPU.Build.0 = Debug|Any CPU
		{047BFE58-AA0B-42DE-93F3-CFB5B0768C65}.Release|Any CPU.ActiveCfg = Release|Any CPU
		{047BFE58-AA0B-42DE-93F3-CFB5B0768C65}.Release|Any CPU.Build.0 = Release|Any CPU
	EndGlobalSection
	GlobalSection(SolutionProperties) = preSolution
		HideSolutionNode = FALSE
	EndGlobalSection
	GlobalSection(ExtensibilityGlobals) = postSolution
		SolutionGuid = {DE31C229-DAB8-4A5C-AEA8-51BD196A81EF}
	EndGlobalSection
EndGlobal
